// !$*UTF8*$!
{
	archiveVersion = 1;
	classes = {
	};
	objectVersion = 46;
	objects = {

/* Begin PBXBuildFile section */
		CEFEF3461C3A695C00851BD2 /* AppDelegate.swift in Sources */ = {isa = PBXBuildFile; fileRef = CEFEF3451C3A695C00851BD2 /* AppDelegate.swift */; };
		CEFEF3481C3A695C00851BD2 /* ViewController.swift in Sources */ = {isa = PBXBuildFile; fileRef = CEFEF3471C3A695C00851BD2 /* ViewController.swift */; };
		CEFEF34B1C3A695C00851BD2 /* Main.storyboard in Resources */ = {isa = PBXBuildFile; fileRef = CEFEF3491C3A695C00851BD2 /* Main.storyboard */; };
		CEFEF34D1C3A695C00851BD2 /* Assets.xcassets in Resources */ = {isa = PBXBuildFile; fileRef = CEFEF34C1C3A695C00851BD2 /* Assets.xcassets */; };
		CEFEF3501C3A695C00851BD2 /* LaunchScreen.storyboard in Resources */ = {isa = PBXBuildFile; fileRef = CEFEF34E1C3A695C00851BD2 /* LaunchScreen.storyboard */; };
		CEFEF35B1C3A695C00851BD2 /* AAToastTests.swift in Sources */ = {isa = PBXBuildFile; fileRef = CEFEF35A1C3A695C00851BD2 /* AAToastTests.swift */; };
/* End PBXBuildFile section */

/* Begin PBXContainerItemProxy section */
		CEFEF3571C3A695C00851BD2 /* PBXContainerItemProxy */ = {
			isa = PBXContainerItemProxy;
			containerPortal = CEFEF33A1C3A695C00851BD2 /* Project object */;
			proxyType = 1;
			remoteGlobalIDString = CEFEF3411C3A695C00851BD2;
			remoteInfo = AAToast;
		};
/* End PBXContainerItemProxy section */

/* Begin PBXFileReference section */
		CEFEF3421C3A695C00851BD2 /* AAToast.app */ = {isa = PBXFileReference; explicitFileType = wrapper.application; includeInIndex = 0; path = AAToast.app; sourceTree = BUILT_PRODUCTS_DIR; };
		CEFEF3451C3A695C00851BD2 /* AppDelegate.swift */ = {isa = PBXFileReference; lastKnownFileType = sourcecode.swift; path = AppDelegate.swift; sourceTree = "<group>"; };
		CEFEF3471C3A695C00851BD2 /* ViewController.swift */ = {isa = PBXFileReference; lastKnownFileType = sourcecode.swift; path = ViewController.swift; sourceTree = "<group>"; };
		CEFEF34A1C3A695C00851BD2 /* Base */ = {isa = PBXFileReference; lastKnownFileType = file.storyboard; name = Base; path = Base.lproj/Main.storyboard; sourceTree = "<group>"; };
		CEFEF34C1C3A695C00851BD2 /* Assets.xcassets */ = {isa = PBXFileReference; lastKnownFileType = folder.assetcatalog; path = Assets.xcassets; sourceTree = "<group>"; };
		CEFEF34F1C3A695C00851BD2 /* Base */ = {isa = PBXFileReference; lastKnownFileType = file.storyboard; name = Base; path = Base.lproj/LaunchScreen.storyboard; sourceTree = "<group>"; };
		CEFEF3511C3A695C00851BD2 /* Info.plist */ = {isa = PBXFileReference; lastKnownFileType = text.plist.xml; path = Info.plist; sourceTree = "<group>"; };
		CEFEF3561C3A695C00851BD2 /* AAToastTests.xctest */ = {isa = PBXFileReference; explicitFileType = wrapper.cfbundle; includeInIndex = 0; path = AAToastTests.xctest; sourceTree = BUILT_PRODUCTS_DIR; };
		CEFEF35A1C3A695C00851BD2 /* AAToastTests.swift */ = {isa = PBXFileReference; lastKnownFileType = sourcecode.swift; path = AAToastTests.swift; sourceTree = "<group>"; };
		CEFEF35C1C3A695C00851BD2 /* Info.plist */ = {isa = PBXFileReference; lastKnownFileType = text.plist.xml; path = Info.plist; sourceTree = "<group>"; };
/* End PBXFileReference section */

/* Begin PBXFrameworksBuildPhase section */
		CEFEF33F1C3A695C00851BD2 /* Frameworks */ = {
			isa = PBXFrameworksBuildPhase;
			buildActionMask = 2147483647;
			files = (
			);
			runOnlyForDeploymentPostprocessing = 0;
		};
		CEFEF3531C3A695C00851BD2 /* Frameworks */ = {
			isa = PBXFrameworksBuildPhase;
			buildActionMask = 2147483647;
			files = (
			);
			runOnlyForDeploymentPostprocessing = 0;
		};
/* End PBXFrameworksBuildPhase section */

/* Begin PBXGroup section */
		CEFEF3391C3A695C00851BD2 = {
			isa = PBXGroup;
			children = (
				CEFEF3441C3A695C00851BD2 /* AAToast */,
				CEFEF3591C3A695C00851BD2 /* AAToastTests */,
				CEFEF3431C3A695C00851BD2 /* Products */,
			);
			sourceTree = "<group>";
		};
		CEFEF3431C3A695C00851BD2 /* Products */ = {
			isa = PBXGroup;
			children = (
				CEFEF3421C3A695C00851BD2 /* AAToast.app */,
				CEFEF3561C3A695C00851BD2 /* AAToastTests.xctest */,
			);
			name = Products;
			sourceTree = "<group>";
		};
		CEFEF3441C3A695C00851BD2 /* AAToast */ = {
			isa = PBXGroup;
			children = (
				CEFEF3451C3A695C00851BD2 /* AppDelegate.swift */,
				CEFEF3471C3A695C00851BD2 /* ViewController.swift */,
				CEFEF3491C3A695C00851BD2 /* Main.storyboard */,
				CEFEF34C1C3A695C00851BD2 /* Assets.xcassets */,
				CEFEF34E1C3A695C00851BD2 /* LaunchScreen.storyboard */,
				CEFEF3511C3A695C00851BD2 /* Info.plist */,
			);
			path = AAToast;
			sourceTree = "<group>";
		};
		CEFEF3591C3A695C00851BD2 /* AAToastTests */ = {
			isa = PBXGroup;
			children = (
				CEFEF35A1C3A695C00851BD2 /* AAToastTests.swift */,
				CEFEF35C1C3A695C00851BD2 /* Info.plist */,
			);
			path = AAToastTests;
			sourceTree = "<group>";
		};
/* End PBXGroup section */

/* Begin PBXNativeTarget section */
		CEFEF3411C3A695C00851BD2 /* AAToast */ = {
			isa = PBXNativeTarget;
			buildConfigurationList = CEFEF35F1C3A695C00851BD2 /* Build configuration list for PBXNativeTarget "AAToast" */;
			buildPhases = (
				CEFEF33E1C3A695C00851BD2 /* Sources */,
				CEFEF33F1C3A695C00851BD2 /* Frameworks */,
				CEFEF3401C3A695C00851BD2 /* Resources */,
			);
			buildRules = (
			);
			dependencies = (
			);
			name = AAToast;
			productName = AAToast;
			productReference = CEFEF3421C3A695C00851BD2 /* AAToast.app */;
			productType = "com.apple.product-type.application";
		};
		CEFEF3551C3A695C00851BD2 /* AAToastTests */ = {
			isa = PBXNativeTarget;
			buildConfigurationList = CEFEF3621C3A695C00851BD2 /* Build configuration list for PBXNativeTarget "AAToastTests" */;
			buildPhases = (
				CEFEF3521C3A695C00851BD2 /* Sources */,
				CEFEF3531C3A695C00851BD2 /* Frameworks */,
				CEFEF3541C3A695C00851BD2 /* Resources */,
			);
			buildRules = (
			);
			dependencies = (
				CEFEF3581C3A695C00851BD2 /* PBXTargetDependency */,
			);
			name = AAToastTests;
			productName = AAToastTests;
			productReference = CEFEF3561C3A695C00851BD2 /* AAToastTests.xctest */;
			productType = "com.apple.product-type.bundle.unit-test";
		};
/* End PBXNativeTarget section */

/* Begin PBXProject section */
		CEFEF33A1C3A695C00851BD2 /* Project object */ = {
			isa = PBXProject;
			attributes = {
				LastSwiftUpdateCheck = 0720;
				LastUpgradeCheck = 0720;
				ORGANIZATIONNAME = "Saad Albasha";
				TargetAttributes = {
					CEFEF3411C3A695C00851BD2 = {
						CreatedOnToolsVersion = 7.2;
						DevelopmentTeam = 7252D2F2ZF;
					};
					CEFEF3551C3A695C00851BD2 = {
						CreatedOnToolsVersion = 7.2;
						DevelopmentTeam = 7252D2F2ZF;
						TestTargetID = CEFEF3411C3A695C00851BD2;
					};
				};
			};
			buildConfigurationList = CEFEF33D1C3A695C00851BD2 /* Build configuration list for PBXProject "AAToast" */;
			compatibilityVersion = "Xcode 3.2";
			developmentRegion = English;
			hasScannedForEncodings = 0;
			knownRegions = (
				en,
				Base,
			);
			mainGroup = CEFEF3391C3A695C00851BD2;
			productRefGroup = CEFEF3431C3A695C00851BD2 /* Products */;
			projectDirPath = "";
			projectRoot = "";
			targets = (
				CEFEF3411C3A695C00851BD2 /* AAToast */,
				CEFEF3551C3A695C00851BD2 /* AAToastTests */,
			);
		};
/* End PBXProject section */

/* Begin PBXResourcesBuildPhase section */
		CEFEF3401C3A695C00851BD2 /* Resources */ = {
			isa = PBXResourcesBuildPhase;
			buildActionMask = 2147483647;
			files = (
				CEFEF3501C3A695C00851BD2 /* LaunchScreen.storyboard in Resources */,
				CEFEF34D1C3A695C00851BD2 /* Assets.xcassets in Resources */,
				CEFEF34B1C3A695C00851BD2 /* Main.storyboard in Resources */,
			);
			runOnlyForDeploymentPostprocessing = 0;
		};
		CEFEF3541C3A695C00851BD2 /* Resources */ = {
			isa = PBXResourcesBuildPhase;
			buildActionMask = 2147483647;
			files = (
			);
			runOnlyForDeploymentPostprocessing = 0;
		};
/* End PBXResourcesBuildPhase section */

/* Begin PBXSourcesBuildPhase section */
		CEFEF33E1C3A695C00851BD2 /* Sources */ = {
			isa = PBXSourcesBuildPhase;
			buildActionMask = 2147483647;
			files = (
				CEFEF3481C3A695C00851BD2 /* ViewController.swift in Sources */,
				CEFEF3461C3A695C00851BD2 /* AppDelegate.swift in Sources */,
			);
			runOnlyForDeploymentPostprocessing = 0;
		};
		CEFEF3521C3A695C00851BD2 /* Sources */ = {
			isa = PBXSourcesBuildPhase;
			buildActionMask = 2147483647;
			files = (
				CEFEF35B1C3A695C00851BD2 /* AAToastTests.swift in Sources */,
			);
			runOnlyForDeploymentPostprocessing = 0;
		};
/* End PBXSourcesBuildPhase section */

/* Begin PBXTargetDependency section */
		CEFEF3581C3A695C00851BD2 /* PBXTargetDependency */ = {
			isa = PBXTargetDependency;
			target = CEFEF3411C3A695C00851BD2 /* AAToast */;
			targetProxy = CEFEF3571C3A695C00851BD2 /* PBXContainerItemProxy */;
		};
/* End PBXTargetDependency section */

/* Begin PBXVariantGroup section */
		CEFEF3491C3A695C00851BD2 /* Main.storyboard */ = {
			isa = PBXVariantGroup;
			children = (
				CEFEF34A1C3A695C00851BD2 /* Base */,
			);
			name = Main.storyboard;
			sourceTree = "<group>";
		};
		CEFEF34E1C3A695C00851BD2 /* LaunchScreen.storyboard */ = {
			isa = PBXVariantGroup;
			children = (
				CEFEF34F1C3A695C00851BD2 /* Base */,
			);
			name = LaunchScreen.storyboard;
			sourceTree = "<group>";
		};
/* End PBXVariantGroup section */

/* Begin XCBuildConfiguration section */
		CEFEF35D1C3A695C00851BD2 /* Debug */ = {
			isa = XCBuildConfiguration;
			buildSettings = {
				ALWAYS_SEARCH_USER_PATHS = NO;
				CLANG_CXX_LANGUAGE_STANDARD = "gnu++0x";
				CLANG_CXX_LIBRARY = "libc++";
				CLANG_ENABLE_MODULES = YES;
				CLANG_ENABLE_OBJC_ARC = YES;
				CLANG_WARN_BOOL_CONVERSION = YES;
				CLANG_WARN_CONSTANT_CONVERSION = YES;
				CLANG_WARN_DIRECT_OBJC_ISA_USAGE = YES_ERROR;
				CLANG_WARN_EMPTY_BODY = YES;
				CLANG_WARN_ENUM_CONVERSION = YES;
				CLANG_WARN_INT_CONVERSION = YES;
				CLANG_WARN_OBJC_ROOT_CLASS = YES_ERROR;
				CLANG_WARN_UNREACHABLE_CODE = YES;
				CLANG_WARN__DUPLICATE_METHOD_MATCH = YES;
				"CODE_SIGN_IDENTITY[sdk=iphoneos*]" = "iPhone Developer";
				COPY_PHASE_STRIP = NO;
				DEBUG_INFORMATION_FORMAT = dwarf;
				ENABLE_STRICT_OBJC_MSGSEND = YES;
				ENABLE_TESTABILITY = YES;
				GCC_C_LANGUAGE_STANDARD = gnu99;
				GCC_DYNAMIC_NO_PIC = NO;
				GCC_NO_COMMON_BLOCKS = YES;
				GCC_OPTIMIZATION_LEVEL = 0;
				GCC_PREPROCESSOR_DEFINITIONS = (
					"DEBUG=1",
					"$(inherited)",
				);
				GCC_WARN_64_TO_32_BIT_CONVERSION = YES;
				GCC_WARN_ABOUT_RETURN_TYPE = YES_ERROR;
				GCC_WARN_UNDECLARED_SELECTOR = YES;
				GCC_WARN_UNINITIALIZED_AUTOS = YES_AGGRESSIVE;
				GCC_WARN_UNUSED_FUNCTION = YES;
				GCC_WARN_UNUSED_VARIABLE = YES;
				IPHONEOS_DEPLOYMENT_TARGET = 9.2;
				MTL_ENABLE_DEBUG_INFO = YES;
				ONLY_ACTIVE_ARCH = YES;
				SDKROOT = iphoneos;
				SWIFT_OPTIMIZATION_LEVEL = "-Onone";
			};
			name = Debug;
		};
		CEFEF35E1C3A695C00851BD2 /* Release */ = {
			isa = XCBuildConfiguration;
			buildSettings = {
				ALWAYS_SEARCH_USER_PATHS = NO;
				CLANG_CXX_LANGUAGE_STANDARD = "gnu++0x";
				CLANG_CXX_LIBRARY = "libc++";
				CLANG_ENABLE_MODULES = YES;
				CLANG_ENABLE_OBJC_ARC = YES;
				CLANG_WARN_BOOL_CONVERSION = YES;
				CLANG_WARN_CONSTANT_CONVERSION = YES;
				CLANG_WARN_DIRECT_OBJC_ISA_USAGE = YES_ERROR;
				CLANG_WARN_EMPTY_BODY = YES;
				CLANG_WARN_ENUM_CONVERSION = YES;
				CLANG_WARN_INT_CONVERSION = YES;
				CLANG_WARN_OBJC_ROOT_CLASS = YES_ERROR;
				CLANG_WARN_UNREACHABLE_CODE = YES;
				CLANG_WARN__DUPLICATE_METHOD_MATCH = YES;
				"CODE_SIGN_IDENTITY[sdk=iphoneos*]" = "iPhone Developer";
				COPY_PHASE_STRIP = NO;
				DEBUG_INFORMATION_FORMAT = "dwarf-with-dsym";
				ENABLE_NS_ASSERTIONS = NO;
				ENABLE_STRICT_OBJC_MSGSEND = YES;
				GCC_C_LANGUAGE_STANDARD = gnu99;
				GCC_NO_COMMON_BLOCKS = YES;
				GCC_WARN_64_TO_32_BIT_CONVERSION = YES;
				GCC_WARN_ABOUT_RETURN_TYPE = YES_ERROR;
				GCC_WARN_UNDECLARED_SELECTOR = YES;
				GCC_WARN_UNINITIALIZED_AUTOS = YES_AGGRESSIVE;
				GCC_WARN_UNUSED_FUNCTION = YES;
				GCC_WARN_UNUSED_VARIABLE = YES;
				IPHONEOS_DEPLOYMENT_TARGET = 9.2;
				MTL_ENABLE_DEBUG_INFO = NO;
				SDKROOT = iphoneos;
				VALIDATE_PRODUCT = YES;
			};
			name = Release;
		};
		CEFEF3601C3A695C00851BD2 /* Debug */ = {
			isa = XCBuildConfiguration;
			buildSettings = {
				ASSETCATALOG_COMPILER_APPICON_NAME = AppIcon;
				INFOPLIST_FILE = AAToast/Info.plist;
				LD_RUNPATH_SEARCH_PATHS = "$(inherited) @executable_path/Frameworks";
				PRODUCT_BUNDLE_IDENTIFIER = com.AaoIi.AAToast;
				PRODUCT_NAME = "$(TARGET_NAME)";
			};
			name = Debug;
		};
		CEFEF3611C3A695C00851BD2 /* Release */ = {
			isa = XCBuildConfiguration;
			buildSettings = {
				ASSETCATALOG_COMPILER_APPICON_NAME = AppIcon;
				INFOPLIST_FILE = AAToast/Info.plist;
				LD_RUNPATH_SEARCH_PATHS = "$(inherited) @executable_path/Frameworks";
				PRODUCT_BUNDLE_IDENTIFIER = com.AaoIi.AAToast;
				PRODUCT_NAME = "$(TARGET_NAME)";
			};
			name = Release;
		};
		CEFEF3631C3A695C00851BD2 /* Debug */ = {
			isa = XCBuildConfiguration;
			buildSettings = {
				BUNDLE_LOADER = "$(TEST_HOST)";
				INFOPLIST_FILE = AAToastTests/Info.plist;
				LD_RUNPATH_SEARCH_PATHS = "$(inherited) @executable_path/Frameworks @loader_path/Frameworks";
				PRODUCT_BUNDLE_IDENTIFIER = com.AaoIi.AAToastTests;
				PRODUCT_NAME = "$(TARGET_NAME)";
				TEST_HOST = "$(BUILT_PRODUCTS_DIR)/AAToast.app/AAToast";
			};
			name = Debug;
		};
		CEFEF3641C3A695C00851BD2 /* Release */ = {
			isa = XCBuildConfiguration;
			buildSettings = {
				BUNDLE_LOADER = "$(TEST_HOST)";
				INFOPLIST_FILE = AAToastTests/Info.plist;
				LD_RUNPATH_SEARCH_PATHS = "$(inherited) @executable_path/Frameworks @loader_path/Frameworks";
				PRODUCT_BUNDLE_IDENTIFIER = com.AaoIi.AAToastTests;
				PRODUCT_NAME = "$(TARGET_NAME)";
				TEST_HOST = "$(BUILT_PRODUCTS_DIR)/AAToast.app/AAToast";
			};
			name = Release;
		};
/* End XCBuildConfiguration section */

/* Begin XCConfigurationList section */
		CEFEF33D1C3A695C00851BD2 /* Build configuration list for PBXProject "AAToast" */ = {
			isa = XCConfigurationList;
			buildConfigurations = (
				CEFEF35D1C3A695C00851BD2 /* Debug */,
				CEFEF35E1C3A695C00851BD2 /* Release */,
			);
			defaultConfigurationIsVisible = 0;
			defaultConfigurationName = Release;
		};
		CEFEF35F1C3A695C00851BD2 /* Build configuration list for PBXNativeTarget "AAToast" */ = {
			isa = XCConfigurationList;
			buildConfigurations = (
				CEFEF3601C3A695C00851BD2 /* Debug */,
				CEFEF3611C3A695C00851BD2 /* Release */,
			);
			defaultConfigurationIsVisible = 0;
		};
		CEFEF3621C3A695C00851BD2 /* Build configuration list for PBXNativeTarget "AAToastTests" */ = {
			isa = XCConfigurationList;
			buildConfigurations = (
				CEFEF3631C3A695C00851BD2 /* Debug */,
				CEFEF3641C3A695C00851BD2 /* Release */,
			);
			defaultConfigurationIsVisible = 0;
		};
/* End XCConfigurationList section */
	};
	rootObject = CEFEF33A1C3A695C00851BD2 /* Project object */;
}
